
Microsoft Visual Studio Solution File, Format Version 12.00
# Visual Studio Version 16
VisualStudioVersion = 16.0.29009.5
MinimumVisualStudioVersion = 10.0.40219.1
Project("{9A19103F-16F7-4668-BE54-9A1E7A4F7556}") = "JewelStone", "JewelStone\JewelStone.csproj", "{807B91E0-5B37-46B2-BA2F-7FCB349203B8}"
EndProject
Project("{9A19103F-16F7-4668-BE54-9A1E7A4F7556}") = "RangeSumBST", "RangeSumBST\RangeSumBST.csproj", "{61A84F72-610B-4B10-B6FC-879C415DCD58}"
EndProject
Project("{9A19103F-16F7-4668-BE54-9A1E7A4F7556}") = "StringBalance", "StringBalance\StringBalance.csproj", "{1E6E371C-16DB-4A98-B6F3-55AC152779F2}"
EndProject
Project("{9A19103F-16F7-4668-BE54-9A1E7A4F7556}") = "ToLowerCase", "ToLowerCase\ToLowerCase.csproj", "{2AE5A299-0ECE-4FA1-8927-AA767D756356}"
EndProject
Project("{9A19103F-16F7-4668-BE54-9A1E7A4F7556}") = "RemoveOuterParentheses", "RemoveOuterParentheses\RemoveOuterParentheses.csproj", "{354ACE77-8725-4F8B-ACF4-3A2C769FB53E}"
EndProject
Project("{9A19103F-16F7-4668-BE54-9A1E7A4F7556}") = "UniqueMorsCode", "UniqueMorsCode\UniqueMorsCode.csproj", "{548FDAA8-0D39-42C8-947D-3B3B55268DE9}"
EndProject
Project("{9A19103F-16F7-4668-BE54-9A1E7A4F7556}") = "FlippingImage", "FlippingImage\FlippingImage.csproj", "{FC038CBB-F140-4063-A440-00EF25FF0C5A}"
EndProject
Project("{9A19103F-16F7-4668-BE54-9A1E7A4F7556}") = "SortArrayByParity", "SortArrayByParity\SortArrayByParity.csproj", "{BFE7F121-EC5F-48F9-BD92-EFDFCEB426A2}"
EndProject
Project("{9A19103F-16F7-4668-BE54-9A1E7A4F7556}") = "UniqueOccurrences", "UniqueOccurrences\UniqueOccurrences.csproj", "{DA46833C-560D-463F-81BC-9E9B673554D1}"
EndProject
Project("{9A19103F-16F7-4668-BE54-9A1E7A4F7556}") = "NRepeatedElementIn2NArrary", "NRepeatedElementIn2NArrary\NRepeatedElementIn2NArrary.csproj", "{23E1B898-C168-43E6-A81F-62AF7826F489}"
EndProject
Project("{9A19103F-16F7-4668-BE54-9A1E7A4F7556}") = "JudgeCirlcle", "JudgeCirlcle\JudgeCirlcle.csproj", "{CC30481D-C3F9-43CC-B61C-37C808761747}"
EndProject
Project("{9A19103F-16F7-4668-BE54-9A1E7A4F7556}") = "MergeBinaryTree", "MergeBinaryTree\MergeBinaryTree.csproj", "{0F32C1E8-A0C1-427A-8A7A-05061987EF65}"
EndProject
Project("{9A19103F-16F7-4668-BE54-9A1E7A4F7556}") = "Palindrome", "Palindrome\Palindrome.csproj", "{7596A5C5-07D8-4445-9A82-DCFFD88DEA2A}"
EndProject
Project("{9A19103F-16F7-4668-BE54-9A1E7A4F7556}") = "SelfDividingNumber", "SelfDividingNumber\SelfDividingNumber.csproj", "{CB36C29A-F1FC-4433-BBB6-29164CB5962A}"
EndProject
Project("{9A19103F-16F7-4668-BE54-9A1E7A4F7556}") = "SquaresOfSortedArray", "SquaresOfSortedArray\SquaresOfSortedArray.csproj", "{8A899241-FF45-4C90-90EB-66FBCC7CE0D1}"
EndProject
Project("{9A19103F-16F7-4668-BE54-9A1E7A4F7556}") = "HammingDistance", "HammingDistance\HammingDistance.csproj", "{6940CDBB-DB96-49F5-B1EE-941AF80DF76A}"
EndProject
Project("{9A19103F-16F7-4668-BE54-9A1E7A4F7556}") = "PeakInexInMountain", "PeakInexInMountain\PeakInexInMountain.csproj", "{4B321D6A-930B-49B5-8631-29C03FD392C6}"
EndProject
Project("{9A19103F-16F7-4668-BE54-9A1E7A4F7556}") = "ArrayPairSum", "ArrayPairSum\ArrayPairSum.csproj", "{FE851FE5-E7B5-4346-9E18-92E834BD3C8A}"
EndProject
Project("{9A19103F-16F7-4668-BE54-9A1E7A4F7556}") = "DIStringMatch", "DIStringMatch\DIStringMatch.csproj", "{38DD02A0-A4EC-485D-9798-D502D67A5656}"
EndProject
Project("{9A19103F-16F7-4668-BE54-9A1E7A4F7556}") = "SearchInBST", "SearchInBST\SearchInBST.csproj", "{AA076A63-6112-4BB5-8F76-FBFFE4DD9915}"
EndProject
Project("{9A19103F-16F7-4668-BE54-9A1E7A4F7556}") = "DeleteColumnsToMakeSorted", "DeleteColumnsToMakeSorted\DeleteColumnsToMakeSorted.csproj", "{1E62FB39-5E11-449A-9CDA-1067E0419A47}"
EndProject
Project("{9A19103F-16F7-4668-BE54-9A1E7A4F7556}") = "N-aryTreePreorderTraversal", "N-aryTreePreorderTraversal\N-aryTreePreorderTraversal.csproj", "{7B097CA6-4223-410D-928F-37F8C9A6D61C}"
EndProject
Project("{9A19103F-16F7-4668-BE54-9A1E7A4F7556}") = "N-ary TreePostorderTraversal", "N-ary TreePostorderTraversal\N-ary TreePostorderTraversal.csproj", "{B37E4276-2E54-4168-B59A-ABC4A2B847B6}"
EndProject
Project("{9A19103F-16F7-4668-BE54-9A1E7A4F7556}") = "HeightChecker", "HeightChecker\HeightChecker.csproj", "{FFEC5D4A-5FEA-4163-90D2-64AA648C9F56}"
EndProject
Project("{9A19103F-16F7-4668-BE54-9A1E7A4F7556}") = "UniqueEmailAddresses", "UniqueEmailAddresses\UniqueEmailAddresses.csproj", "{BE09D3B5-6E1D-472C-BAA3-C86F2920186F}"
EndProject
Project("{9A19103F-16F7-4668-BE54-9A1E7A4F7556}") = "SortArrayByParityII", "SortArrayByParityII\SortArrayByParityII.csproj", "{DEBC4B97-D666-47DF-8F63-1104CECF48E6}"
EndProject
Project("{9A19103F-16F7-4668-BE54-9A1E7A4F7556}") = "SubdomainVisitCount", "SubdomainVisitCount\SubdomainVisitCount.csproj", "{BFB6B6A5-78F7-44AD-A8D1-20492C6CDCB8}"
EndProject
Project("{9A19103F-16F7-4668-BE54-9A1E7A4F7556}") = "UnivaluedBinaryTree", "UnivaluedBinaryTree\UnivaluedBinaryTree.csproj", "{76B86099-B177-4468-A5B2-911C34B2191C}"
EndProject
Project("{9A19103F-16F7-4668-BE54-9A1E7A4F7556}") = "FibonacciNumber", "FibonacciNumber\FibonacciNumber.csproj", "{3D9A1392-8E61-4CB1-BC04-80CAF0F053EB}"
EndProject
Project("{9A19103F-16F7-4668-BE54-9A1E7A4F7556}") = "WordsCanBeFormedByCharacters", "WordsCanBeFormedByCharacters\WordsCanBeFormedByCharacters.csproj", "{8B24936B-F616-4883-BBCF-1DF005006BA1}"
EndProject
Project("{9A19103F-16F7-4668-BE54-9A1E7A4F7556}") = "MaximumDepthofN-aryTree", "MaximumDepthofN-aryTree\MaximumDepthofN-aryTree.csproj", "{2DD6359B-49B0-4FBB-805A-64F6F5F3D68E}"
EndProject
Project("{FAE04EC0-301F-11D3-BF4B-00C04F79EFBC}") = "Projection Area of 3D Shapes", "Projection Area of 3D Shapes\Projection Area of 3D Shapes.csproj", "{F928684B-E8DC-48C7-B6C5-E3F52E20D3BC}"
EndProject
Project("{FAE04EC0-301F-11D3-BF4B-00C04F79EFBC}") = "Relative Sort Array", "Relative Sort Array\Relative Sort Array.csproj", "{9F5507A3-F9DB-4772-96E2-65148BB9F63A}"
EndProject
Global
	GlobalSection(SolutionConfigurationPlatforms) = preSolution
		Debug|Any CPU = Debug|Any CPU
		Release|Any CPU = Release|Any CPU
	EndGlobalSection
	GlobalSection(ProjectConfigurationPlatforms) = postSolution
		{807B91E0-5B37-46B2-BA2F-7FCB349203B8}.Debug|Any CPU.ActiveCfg = Debug|Any CPU
		{807B91E0-5B37-46B2-BA2F-7FCB349203B8}.Debug|Any CPU.Build.0 = Debug|Any CPU
		{807B91E0-5B37-46B2-BA2F-7FCB349203B8}.Release|Any CPU.ActiveCfg = Release|Any CPU
		{807B91E0-5B37-46B2-BA2F-7FCB349203B8}.Release|Any CPU.Build.0 = Release|Any CPU
		{61A84F72-610B-4B10-B6FC-879C415DCD58}.Debug|Any CPU.ActiveCfg = Debug|Any CPU
		{61A84F72-610B-4B10-B6FC-879C415DCD58}.Debug|Any CPU.Build.0 = Debug|Any CPU
		{61A84F72-610B-4B10-B6FC-879C415DCD58}.Release|Any CPU.ActiveCfg = Release|Any CPU
		{61A84F72-610B-4B10-B6FC-879C415DCD58}.Release|Any CPU.Build.0 = Release|Any CPU
		{1E6E371C-16DB-4A98-B6F3-55AC152779F2}.Debug|Any CPU.ActiveCfg = Debug|Any CPU
		{1E6E371C-16DB-4A98-B6F3-55AC152779F2}.Debug|Any CPU.Build.0 = Debug|Any CPU
		{1E6E371C-16DB-4A98-B6F3-55AC152779F2}.Release|Any CPU.ActiveCfg = Release|Any CPU
		{1E6E371C-16DB-4A98-B6F3-55AC152779F2}.Release|Any CPU.Build.0 = Release|Any CPU
		{2AE5A299-0ECE-4FA1-8927-AA767D756356}.Debug|Any CPU.ActiveCfg = Debug|Any CPU
		{2AE5A299-0ECE-4FA1-8927-AA767D756356}.Debug|Any CPU.Build.0 = Debug|Any CPU
		{2AE5A299-0ECE-4FA1-8927-AA767D756356}.Release|Any CPU.ActiveCfg = Release|Any CPU
		{2AE5A299-0ECE-4FA1-8927-AA767D756356}.Release|Any CPU.Build.0 = Release|Any CPU
		{354ACE77-8725-4F8B-ACF4-3A2C769FB53E}.Debug|Any CPU.ActiveCfg = Debug|Any CPU
		{354ACE77-8725-4F8B-ACF4-3A2C769FB53E}.Debug|Any CPU.Build.0 = Debug|Any CPU
		{354ACE77-8725-4F8B-ACF4-3A2C769FB53E}.Release|Any CPU.ActiveCfg = Release|Any CPU
		{354ACE77-8725-4F8B-ACF4-3A2C769FB53E}.Release|Any CPU.Build.0 = Release|Any CPU
		{548FDAA8-0D39-42C8-947D-3B3B55268DE9}.Debug|Any CPU.ActiveCfg = Debug|Any CPU
		{548FDAA8-0D39-42C8-947D-3B3B55268DE9}.Debug|Any CPU.Build.0 = Debug|Any CPU
		{548FDAA8-0D39-42C8-947D-3B3B55268DE9}.Release|Any CPU.ActiveCfg = Release|Any CPU
		{548FDAA8-0D39-42C8-947D-3B3B55268DE9}.Release|Any CPU.Build.0 = Release|Any CPU
		{FC038CBB-F140-4063-A440-00EF25FF0C5A}.Debug|Any CPU.ActiveCfg = Debug|Any CPU
		{FC038CBB-F140-4063-A440-00EF25FF0C5A}.Debug|Any CPU.Build.0 = Debug|Any CPU
		{FC038CBB-F140-4063-A440-00EF25FF0C5A}.Release|Any CPU.ActiveCfg = Release|Any CPU
		{FC038CBB-F140-4063-A440-00EF25FF0C5A}.Release|Any CPU.Build.0 = Release|Any CPU
		{BFE7F121-EC5F-48F9-BD92-EFDFCEB426A2}.Debug|Any CPU.ActiveCfg = Debug|Any CPU
		{BFE7F121-EC5F-48F9-BD92-EFDFCEB426A2}.Debug|Any CPU.Build.0 = Debug|Any CPU
		{BFE7F121-EC5F-48F9-BD92-EFDFCEB426A2}.Release|Any CPU.ActiveCfg = Release|Any CPU
		{BFE7F121-EC5F-48F9-BD92-EFDFCEB426A2}.Release|Any CPU.Build.0 = Release|Any CPU
		{DA46833C-560D-463F-81BC-9E9B673554D1}.Debug|Any CPU.ActiveCfg = Debug|Any CPU
		{DA46833C-560D-463F-81BC-9E9B673554D1}.Debug|Any CPU.Build.0 = Debug|Any CPU
		{DA46833C-560D-463F-81BC-9E9B673554D1}.Release|Any CPU.ActiveCfg = Release|Any CPU
		{DA46833C-560D-463F-81BC-9E9B673554D1}.Release|Any CPU.Build.0 = Release|Any CPU
		{23E1B898-C168-43E6-A81F-62AF7826F489}.Debug|Any CPU.ActiveCfg = Debug|Any CPU
		{23E1B898-C168-43E6-A81F-62AF7826F489}.Debug|Any CPU.Build.0 = Debug|Any CPU
		{23E1B898-C168-43E6-A81F-62AF7826F489}.Release|Any CPU.ActiveCfg = Release|Any CPU
		{23E1B898-C168-43E6-A81F-62AF7826F489}.Release|Any CPU.Build.0 = Release|Any CPU
		{CC30481D-C3F9-43CC-B61C-37C808761747}.Debug|Any CPU.ActiveCfg = Debug|Any CPU
		{CC30481D-C3F9-43CC-B61C-37C808761747}.Debug|Any CPU.Build.0 = Debug|Any CPU
		{CC30481D-C3F9-43CC-B61C-37C808761747}.Release|Any CPU.ActiveCfg = Release|Any CPU
		{CC30481D-C3F9-43CC-B61C-37C808761747}.Release|Any CPU.Build.0 = Release|Any CPU
		{0F32C1E8-A0C1-427A-8A7A-05061987EF65}.Debug|Any CPU.ActiveCfg = Debug|Any CPU
		{0F32C1E8-A0C1-427A-8A7A-05061987EF65}.Debug|Any CPU.Build.0 = Debug|Any CPU
		{0F32C1E8-A0C1-427A-8A7A-05061987EF65}.Release|Any CPU.ActiveCfg = Release|Any CPU
		{0F32C1E8-A0C1-427A-8A7A-05061987EF65}.Release|Any CPU.Build.0 = Release|Any CPU
		{7596A5C5-07D8-4445-9A82-DCFFD88DEA2A}.Debug|Any CPU.ActiveCfg = Debug|Any CPU
		{7596A5C5-07D8-4445-9A82-DCFFD88DEA2A}.Debug|Any CPU.Build.0 = Debug|Any CPU
		{7596A5C5-07D8-4445-9A82-DCFFD88DEA2A}.Release|Any CPU.ActiveCfg = Release|Any CPU
		{7596A5C5-07D8-4445-9A82-DCFFD88DEA2A}.Release|Any CPU.Build.0 = Release|Any CPU
		{CB36C29A-F1FC-4433-BBB6-29164CB5962A}.Debug|Any CPU.ActiveCfg = Debug|Any CPU
		{CB36C29A-F1FC-4433-BBB6-29164CB5962A}.Debug|Any CPU.Build.0 = Debug|Any CPU
		{CB36C29A-F1FC-4433-BBB6-29164CB5962A}.Release|Any CPU.ActiveCfg = Release|Any CPU
		{CB36C29A-F1FC-4433-BBB6-29164CB5962A}.Release|Any CPU.Build.0 = Release|Any CPU
		{8A899241-FF45-4C90-90EB-66FBCC7CE0D1}.Debug|Any CPU.ActiveCfg = Debug|Any CPU
		{8A899241-FF45-4C90-90EB-66FBCC7CE0D1}.Debug|Any CPU.Build.0 = Debug|Any CPU
		{8A899241-FF45-4C90-90EB-66FBCC7CE0D1}.Release|Any CPU.ActiveCfg = Release|Any CPU
		{8A899241-FF45-4C90-90EB-66FBCC7CE0D1}.Release|Any CPU.Build.0 = Release|Any CPU
		{6940CDBB-DB96-49F5-B1EE-941AF80DF76A}.Debug|Any CPU.ActiveCfg = Debug|Any CPU
		{6940CDBB-DB96-49F5-B1EE-941AF80DF76A}.Debug|Any CPU.Build.0 = Debug|Any CPU
		{6940CDBB-DB96-49F5-B1EE-941AF80DF76A}.Release|Any CPU.ActiveCfg = Release|Any CPU
		{6940CDBB-DB96-49F5-B1EE-941AF80DF76A}.Release|Any CPU.Build.0 = Release|Any CPU
		{4B321D6A-930B-49B5-8631-29C03FD392C6}.Debug|Any CPU.ActiveCfg = Debug|Any CPU
		{4B321D6A-930B-49B5-8631-29C03FD392C6}.Debug|Any CPU.Build.0 = Debug|Any CPU
		{4B321D6A-930B-49B5-8631-29C03FD392C6}.Release|Any CPU.ActiveCfg = Release|Any CPU
		{4B321D6A-930B-49B5-8631-29C03FD392C6}.Release|Any CPU.Build.0 = Release|Any CPU
		{FE851FE5-E7B5-4346-9E18-92E834BD3C8A}.Debug|Any CPU.ActiveCfg = Debug|Any CPU
		{FE851FE5-E7B5-4346-9E18-92E834BD3C8A}.Debug|Any CPU.Build.0 = Debug|Any CPU
		{FE851FE5-E7B5-4346-9E18-92E834BD3C8A}.Release|Any CPU.ActiveCfg = Release|Any CPU
		{FE851FE5-E7B5-4346-9E18-92E834BD3C8A}.Release|Any CPU.Build.0 = Release|Any CPU
		{38DD02A0-A4EC-485D-9798-D502D67A5656}.Debug|Any CPU.ActiveCfg = Debug|Any CPU
		{38DD02A0-A4EC-485D-9798-D502D67A5656}.Debug|Any CPU.Build.0 = Debug|Any CPU
		{38DD02A0-A4EC-485D-9798-D502D67A5656}.Release|Any CPU.ActiveCfg = Release|Any CPU
		{38DD02A0-A4EC-485D-9798-D502D67A5656}.Release|Any CPU.Build.0 = Release|Any CPU
		{AA076A63-6112-4BB5-8F76-FBFFE4DD9915}.Debug|Any CPU.ActiveCfg = Debug|Any CPU
		{AA076A63-6112-4BB5-8F76-FBFFE4DD9915}.Debug|Any CPU.Build.0 = Debug|Any CPU
		{AA076A63-6112-4BB5-8F76-FBFFE4DD9915}.Release|Any CPU.ActiveCfg = Release|Any CPU
		{AA076A63-6112-4BB5-8F76-FBFFE4DD9915}.Release|Any CPU.Build.0 = Release|Any CPU
		{1E62FB39-5E11-449A-9CDA-1067E0419A47}.Debug|Any CPU.ActiveCfg = Debug|Any CPU
		{1E62FB39-5E11-449A-9CDA-1067E0419A47}.Debug|Any CPU.Build.0 = Debug|Any CPU
		{1E62FB39-5E11-449A-9CDA-1067E0419A47}.Release|Any CPU.ActiveCfg = Release|Any CPU
		{1E62FB39-5E11-449A-9CDA-1067E0419A47}.Release|Any CPU.Build.0 = Release|Any CPU
		{7B097CA6-4223-410D-928F-37F8C9A6D61C}.Debug|Any CPU.ActiveCfg = Debug|Any CPU
		{7B097CA6-4223-410D-928F-37F8C9A6D61C}.Debug|Any CPU.Build.0 = Debug|Any CPU
		{7B097CA6-4223-410D-928F-37F8C9A6D61C}.Release|Any CPU.ActiveCfg = Release|Any CPU
		{7B097CA6-4223-410D-928F-37F8C9A6D61C}.Release|Any CPU.Build.0 = Release|Any CPU
		{B37E4276-2E54-4168-B59A-ABC4A2B847B6}.Debug|Any CPU.ActiveCfg = Debug|Any CPU
		{B37E4276-2E54-4168-B59A-ABC4A2B847B6}.Debug|Any CPU.Build.0 = Debug|Any CPU
		{B37E4276-2E54-4168-B59A-ABC4A2B847B6}.Release|Any CPU.ActiveCfg = Release|Any CPU
		{B37E4276-2E54-4168-B59A-ABC4A2B847B6}.Release|Any CPU.Build.0 = Release|Any CPU
		{FFEC5D4A-5FEA-4163-90D2-64AA648C9F56}.Debug|Any CPU.ActiveCfg = Debug|Any CPU
		{FFEC5D4A-5FEA-4163-90D2-64AA648C9F56}.Debug|Any CPU.Build.0 = Debug|Any CPU
		{FFEC5D4A-5FEA-4163-90D2-64AA648C9F56}.Release|Any CPU.ActiveCfg = Release|Any CPU
		{FFEC5D4A-5FEA-4163-90D2-64AA648C9F56}.Release|Any CPU.Build.0 = Release|Any CPU
		{BE09D3B5-6E1D-472C-BAA3-C86F2920186F}.Debug|Any CPU.ActiveCfg = Debug|Any CPU
		{BE09D3B5-6E1D-472C-BAA3-C86F2920186F}.Debug|Any CPU.Build.0 = Debug|Any CPU
		{BE09D3B5-6E1D-472C-BAA3-C86F2920186F}.Release|Any CPU.ActiveCfg = Release|Any CPU
		{BE09D3B5-6E1D-472C-BAA3-C86F2920186F}.Release|Any CPU.Build.0 = Release|Any CPU
		{DEBC4B97-D666-47DF-8F63-1104CECF48E6}.Debug|Any CPU.ActiveCfg = Debug|Any CPU
		{DEBC4B97-D666-47DF-8F63-1104CECF48E6}.Debug|Any CPU.Build.0 = Debug|Any CPU
		{DEBC4B97-D666-47DF-8F63-1104CECF48E6}.Release|Any CPU.ActiveCfg = Release|Any CPU
		{DEBC4B97-D666-47DF-8F63-1104CECF48E6}.Release|Any CPU.Build.0 = Release|Any CPU
		{BFB6B6A5-78F7-44AD-A8D1-20492C6CDCB8}.Debug|Any CPU.ActiveCfg = Debug|Any CPU
		{BFB6B6A5-78F7-44AD-A8D1-20492C6CDCB8}.Debug|Any CPU.Build.0 = Debug|Any CPU
		{BFB6B6A5-78F7-44AD-A8D1-20492C6CDCB8}.Release|Any CPU.ActiveCfg = Release|Any CPU
		{BFB6B6A5-78F7-44AD-A8D1-20492C6CDCB8}.Release|Any CPU.Build.0 = Release|Any CPU
		{76B86099-B177-4468-A5B2-911C34B2191C}.Debug|Any CPU.ActiveCfg = Debug|Any CPU
		{76B86099-B177-4468-A5B2-911C34B2191C}.Debug|Any CPU.Build.0 = Debug|Any CPU
		{76B86099-B177-4468-A5B2-911C34B2191C}.Release|Any CPU.ActiveCfg = Release|Any CPU
		{76B86099-B177-4468-A5B2-911C34B2191C}.Release|Any CPU.Build.0 = Release|Any CPU
		{3D9A1392-8E61-4CB1-BC04-80CAF0F053EB}.Debug|Any CPU.ActiveCfg = Debug|Any CPU
		{3D9A1392-8E61-4CB1-BC04-80CAF0F053EB}.Debug|Any CPU.Build.0 = Debug|Any CPU
		{3D9A1392-8E61-4CB1-BC04-80CAF0F053EB}.Release|Any CPU.ActiveCfg = Release|Any CPU
		{3D9A1392-8E61-4CB1-BC04-80CAF0F053EB}.Release|Any CPU.Build.0 = Release|Any CPU
		{8B24936B-F616-4883-BBCF-1DF005006BA1}.Debug|Any CPU.ActiveCfg = Debug|Any CPU
		{8B24936B-F616-4883-BBCF-1DF005006BA1}.Debug|Any CPU.Build.0 = Debug|Any CPU
		{8B24936B-F616-4883-BBCF-1DF005006BA1}.Release|Any CPU.ActiveCfg = Release|Any CPU
		{8B24936B-F616-4883-BBCF-1DF005006BA1}.Release|Any CPU.Build.0 = Release|Any CPU
		{2DD6359B-49B0-4FBB-805A-64F6F5F3D68E}.Debug|Any CPU.ActiveCfg = Debug|Any CPU
		{2DD6359B-49B0-4FBB-805A-64F6F5F3D68E}.Debug|Any CPU.Build.0 = Debug|Any CPU
		{2DD6359B-49B0-4FBB-805A-64F6F5F3D68E}.Release|Any CPU.ActiveCfg = Release|Any CPU
		{2DD6359B-49B0-4FBB-805A-64F6F5F3D68E}.Release|Any CPU.Build.0 = Release|Any CPU
		{F928684B-E8DC-48C7-B6C5-E3F52E20D3BC}.Debug|Any CPU.ActiveCfg = Debug|Any CPU
		{F928684B-E8DC-48C7-B6C5-E3F52E20D3BC}.Debug|Any CPU.Build.0 = Debug|Any CPU
		{F928684B-E8DC-48C7-B6C5-E3F52E20D3BC}.Release|Any CPU.ActiveCfg = Release|Any CPU
		{F928684B-E8DC-48C7-B6C5-E3F52E20D3BC}.Release|Any CPU.Build.0 = Release|Any CPU
		{9F5507A3-F9DB-4772-96E2-65148BB9F63A}.Debug|Any CPU.ActiveCfg = Debug|Any CPU
		{9F5507A3-F9DB-4772-96E2-65148BB9F63A}.Debug|Any CPU.Build.0 = Debug|Any CPU
		{9F5507A3-F9DB-4772-96E2-65148BB9F63A}.Release|Any CPU.ActiveCfg = Release|Any CPU
		{9F5507A3-F9DB-4772-96E2-65148BB9F63A}.Release|Any CPU.Build.0 = Release|Any CPU
	EndGlobalSection
	GlobalSection(SolutionProperties) = preSolution
		HideSolutionNode = FALSE
	EndGlobalSection
	GlobalSection(ExtensibilityGlobals) = postSolution
		SolutionGuid = {7D15090C-3360-40E9-BDF4-92E7DCC53892}
	EndGlobalSection
EndGlobal
